
Microsoft Visual Studio Solution File, Format Version 12.00
# Visual Studio 15
VisualStudioVersion = 15.0.28307.489
MinimumVisualStudioVersion = 10.0.40219.1
Project("{FAE04EC0-301F-11D3-BF4B-00C04F79EFBC}") = "PostgreSQL_Excel", "PostgreSQL_Excel\PostgreSQL_Excel.csproj", "{4743F870-F259-4DC1-BF5B-53FB5362E1C3}"
EndProject
Project("{54435603-DBB4-11D2-8724-00A0C9A8B90C}") = "Program_Setup", "Program_Setup\Program_Setup.vdproj", "{04A38060-4676-448D-B28B-07A86BA54393}"
EndProject
Global
	GlobalSection(SolutionConfigurationPlatforms) = preSolution
		Debug|Any CPU = Debug|Any CPU
		Release|Any CPU = Release|Any CPU
	EndGlobalSection
	GlobalSection(ProjectConfigurationPlatforms) = postSolution
		{4743F870-F259-4DC1-BF5B-53FB5362E1C3}.Debug|Any CPU.ActiveCfg = Debug|Any CPU
		{4743F870-F259-4DC1-BF5B-53FB5362E1C3}.Debug|Any CPU.Build.0 = Debug|Any CPU
		{4743F870-F259-4DC1-BF5B-53FB5362E1C3}.Release|Any CPU.ActiveCfg = Release|Any CPU
		{4743F870-F259-4DC1-BF5B-53FB5362E1C3}.Release|Any CPU.Build.0 = Release|Any CPU
		{04A38060-4676-448D-B28B-07A86BA54393}.Debug|Any CPU.ActiveCfg = Debug
		{04A38060-4676-448D-B28B-07A86BA54393}.Release|Any CPU.ActiveCfg = Release
	EndGlobalSection
	GlobalSection(SolutionProperties) = preSolution
		HideSolutionNode = FALSE
	EndGlobalSection
	GlobalSection(ExtensibilityGlobals) = postSolution
		SolutionGuid = {7AB694E5-F564-440E-B06C-337C4D0E0669}
	EndGlobalSection
EndGlobal
